// !$*UTF8*$!
{
	archiveVersion = 1;
	classes = {
	};
	objectVersion = 46;
	objects = {

/* Begin PBXBuildFile section */
		BC2610D11C9B2697007C4BFB /* AppDelegate.swift in Sources */ = {isa = PBXBuildFile; fileRef = BC2610D01C9B2697007C4BFB /* AppDelegate.swift */; };
		BC2610D31C9B2697007C4BFB /* ViewController.swift in Sources */ = {isa = PBXBuildFile; fileRef = BC2610D21C9B2697007C4BFB /* ViewController.swift */; };
		BC2610D61C9B2697007C4BFB /* Main.storyboard in Resources */ = {isa = PBXBuildFile; fileRef = BC2610D41C9B2697007C4BFB /* Main.storyboard */; };
		BC2610D81C9B2697007C4BFB /* Assets.xcassets in Resources */ = {isa = PBXBuildFile; fileRef = BC2610D71C9B2697007C4BFB /* Assets.xcassets */; };
		BC2610DB1C9B2697007C4BFB /* LaunchScreen.storyboard in Resources */ = {isa = PBXBuildFile; fileRef = BC2610D91C9B2697007C4BFB /* LaunchScreen.storyboard */; };
		BC2610E61C9B2697007C4BFB /* StromyTests.swift in Sources */ = {isa = PBXBuildFile; fileRef = BC2610E51C9B2697007C4BFB /* StromyTests.swift */; };
		BC2610F11C9DCF1D007C4BFB /* Current.swift in Sources */ = {isa = PBXBuildFile; fileRef = BC2610F01C9DCF1D007C4BFB /* Current.swift */; };
/* End PBXBuildFile section */

/* Begin PBXContainerItemProxy section */
		BC2610E21C9B2697007C4BFB /* PBXContainerItemProxy */ = {
			isa = PBXContainerItemProxy;
			containerPortal = BC2610C51C9B2697007C4BFB /* Project object */;
			proxyType = 1;
			remoteGlobalIDString = BC2610CC1C9B2697007C4BFB;
			remoteInfo = Stromy;
		};
/* End PBXContainerItemProxy section */

/* Begin PBXFileReference section */
		BC2610CD1C9B2697007C4BFB /* Stromy.app */ = {isa = PBXFileReference; explicitFileType = wrapper.application; includeInIndex = 0; path = Stromy.app; sourceTree = BUILT_PRODUCTS_DIR; };
		BC2610D01C9B2697007C4BFB /* AppDelegate.swift */ = {isa = PBXFileReference; lastKnownFileType = sourcecode.swift; path = AppDelegate.swift; sourceTree = "<group>"; };
		BC2610D21C9B2697007C4BFB /* ViewController.swift */ = {isa = PBXFileReference; lastKnownFileType = sourcecode.swift; path = ViewController.swift; sourceTree = "<group>"; };
		BC2610D51C9B2697007C4BFB /* Base */ = {isa = PBXFileReference; lastKnownFileType = file.storyboard; name = Base; path = Base.lproj/Main.storyboard; sourceTree = "<group>"; };
		BC2610D71C9B2697007C4BFB /* Assets.xcassets */ = {isa = PBXFileReference; lastKnownFileType = folder.assetcatalog; path = Assets.xcassets; sourceTree = "<group>"; };
		BC2610DA1C9B2697007C4BFB /* Base */ = {isa = PBXFileReference; lastKnownFileType = file.storyboard; name = Base; path = Base.lproj/LaunchScreen.storyboard; sourceTree = "<group>"; };
		BC2610DC1C9B2697007C4BFB /* Info.plist */ = {isa = PBXFileReference; lastKnownFileType = text.plist.xml; path = Info.plist; sourceTree = "<group>"; };
		BC2610E11C9B2697007C4BFB /* StromyTests.xctest */ = {isa = PBXFileReference; explicitFileType = wrapper.cfbundle; includeInIndex = 0; path = StromyTests.xctest; sourceTree = BUILT_PRODUCTS_DIR; };
		BC2610E51C9B2697007C4BFB /* StromyTests.swift */ = {isa = PBXFileReference; lastKnownFileType = sourcecode.swift; path = StromyTests.swift; sourceTree = "<group>"; };
		BC2610E71C9B2697007C4BFB /* Info.plist */ = {isa = PBXFileReference; lastKnownFileType = text.plist.xml; path = Info.plist; sourceTree = "<group>"; };
		BC2610F01C9DCF1D007C4BFB /* Current.swift */ = {isa = PBXFileReference; fileEncoding = 4; lastKnownFileType = sourcecode.swift; path = Current.swift; sourceTree = "<group>"; };
/* End PBXFileReference section */

/* Begin PBXFrameworksBuildPhase section */
		BC2610CA1C9B2697007C4BFB /* Frameworks */ = {
			isa = PBXFrameworksBuildPhase;
			buildActionMask = 2147483647;
			files = (
			);
			runOnlyForDeploymentPostprocessing = 0;
		};
		BC2610DE1C9B2697007C4BFB /* Frameworks */ = {
			isa = PBXFrameworksBuildPhase;
			buildActionMask = 2147483647;
			files = (
			);
			runOnlyForDeploymentPostprocessing = 0;
		};
/* End PBXFrameworksBuildPhase section */

/* Begin PBXGroup section */
		BC2610C41C9B2697007C4BFB = {
			isa = PBXGroup;
			children = (
				BC2610CF1C9B2697007C4BFB /* Stromy */,
				BC2610E41C9B2697007C4BFB /* StromyTests */,
				BC2610CE1C9B2697007C4BFB /* Products */,
			);
			sourceTree = "<group>";
		};
		BC2610CE1C9B2697007C4BFB /* Products */ = {
			isa = PBXGroup;
			children = (
				BC2610CD1C9B2697007C4BFB /* Stromy.app */,
				BC2610E11C9B2697007C4BFB /* StromyTests.xctest */,
			);
			name = Products;
			sourceTree = "<group>";
		};
		BC2610CF1C9B2697007C4BFB /* Stromy */ = {
			isa = PBXGroup;
			children = (
				BC2610D01C9B2697007C4BFB /* AppDelegate.swift */,
				BC2610D21C9B2697007C4BFB /* ViewController.swift */,
				BC2610F01C9DCF1D007C4BFB /* Current.swift */,
				BC2610D41C9B2697007C4BFB /* Main.storyboard */,
				BC2610D71C9B2697007C4BFB /* Assets.xcassets */,
				BC2610D91C9B2697007C4BFB /* LaunchScreen.storyboard */,
				BC2610DC1C9B2697007C4BFB /* Info.plist */,
			);
			path = Stromy;
			sourceTree = "<group>";
		};
		BC2610E41C9B2697007C4BFB /* StromyTests */ = {
			isa = PBXGroup;
			children = (
				BC2610E51C9B2697007C4BFB /* StromyTests.swift */,
				BC2610E71C9B2697007C4BFB /* Info.plist */,
			);
			path = StromyTests;
			sourceTree = "<group>";
		};
/* End PBXGroup section */

/* Begin PBXNativeTarget section */
		BC2610CC1C9B2697007C4BFB /* Stromy */ = {
			isa = PBXNativeTarget;
			buildConfigurationList = BC2610EA1C9B2697007C4BFB /* Build configuration list for PBXNativeTarget "Stromy" */;
			buildPhases = (
				BC2610C91C9B2697007C4BFB /* Sources */,
				BC2610CA1C9B2697007C4BFB /* Frameworks */,
				BC2610CB1C9B2697007C4BFB /* Resources */,
			);
			buildRules = (
			);
			dependencies = (
			);
			name = Stromy;
			productName = Stromy;
			productReference = BC2610CD1C9B2697007C4BFB /* Stromy.app */;
			productType = "com.apple.product-type.application";
		};
		BC2610E01C9B2697007C4BFB /* StromyTests */ = {
			isa = PBXNativeTarget;
			buildConfigurationList = BC2610ED1C9B2697007C4BFB /* Build configuration list for PBXNativeTarget "StromyTests" */;
			buildPhases = (
				BC2610DD1C9B2697007C4BFB /* Sources */,
				BC2610DE1C9B2697007C4BFB /* Frameworks */,
				BC2610DF1C9B2697007C4BFB /* Resources */,
			);
			buildRules = (
			);
			dependencies = (
				BC2610E31C9B2697007C4BFB /* PBXTargetDependency */,
			);
			name = StromyTests;
			productName = StromyTests;
			productReference = BC2610E11C9B2697007C4BFB /* StromyTests.xctest */;
			productType = "com.apple.product-type.bundle.unit-test";
		};
/* End PBXNativeTarget section */

/* Begin PBXProject section */
		BC2610C51C9B2697007C4BFB /* Project object */ = {
			isa = PBXProject;
			attributes = {
				LastSwiftUpdateCheck = 0720;
				LastUpgradeCheck = 0720;
				ORGANIZATIONNAME = vinsol;
				TargetAttributes = {
					BC2610CC1C9B2697007C4BFB = {
						CreatedOnToolsVersion = 7.2.1;
					};
					BC2610E01C9B2697007C4BFB = {
						CreatedOnToolsVersion = 7.2.1;
						TestTargetID = BC2610CC1C9B2697007C4BFB;
					};
				};
			};
			buildConfigurationList = BC2610C81C9B2697007C4BFB /* Build configuration list for PBXProject "Stromy" */;
			compatibilityVersion = "Xcode 3.2";
			developmentRegion = English;
			hasScannedForEncodings = 0;
			knownRegions = (
				en,
				Base,
			);
			mainGroup = BC2610C41C9B2697007C4BFB;
			productRefGroup = BC2610CE1C9B2697007C4BFB /* Products */;
			projectDirPath = "";
			projectRoot = "";
			targets = (
				BC2610CC1C9B2697007C4BFB /* Stromy */,
				BC2610E01C9B2697007C4BFB /* StromyTests */,
			);
		};
/* End PBXProject section */

/* Begin PBXResourcesBuildPhase section */
		BC2610CB1C9B2697007C4BFB /* Resources */ = {
			isa = PBXResourcesBuildPhase;
			buildActionMask = 2147483647;
			files = (
				BC2610DB1C9B2697007C4BFB /* LaunchScreen.storyboard in Resources */,
				BC2610D81C9B2697007C4BFB /* Assets.xcassets in Resources */,
				BC2610D61C9B2697007C4BFB /* Main.storyboard in Resources */,
			);
			runOnlyForDeploymentPostprocessing = 0;
		};
		BC2610DF1C9B2697007C4BFB /* Resources */ = {
			isa = PBXResourcesBuildPhase;
			buildActionMask = 2147483647;
			files = (
			);
			runOnlyForDeploymentPostprocessing = 0;
		};
/* End PBXResourcesBuildPhase section */

/* Begin PBXSourcesBuildPhase section */
		BC2610C91C9B2697007C4BFB /* Sources */ = {
			isa = PBXSourcesBuildPhase;
			buildActionMask = 2147483647;
			files = (
				BC2610F11C9DCF1D007C4BFB /* Current.swift in Sources */,
				BC2610D31C9B2697007C4BFB /* ViewController.swift in Sources */,
				BC2610D11C9B2697007C4BFB /* AppDelegate.swift in Sources */,
			);
			runOnlyForDeploymentPostprocessing = 0;
		};
		BC2610DD1C9B2697007C4BFB /* Sources */ = {
			isa = PBXSourcesBuildPhase;
			buildActionMask = 2147483647;
			files = (
				BC2610E61C9B2697007C4BFB /* StromyTests.swift in Sources */,
			);
			runOnlyForDeploymentPostprocessing = 0;
		};
/* End PBXSourcesBuildPhase section */

/* Begin PBXTargetDependency section */
		BC2610E31C9B2697007C4BFB /* PBXTargetDependency */ = {
			isa = PBXTargetDependency;
			target = BC2610CC1C9B2697007C4BFB /* Stromy */;
			targetProxy = BC2610E21C9B2697007C4BFB /* PBXContainerItemProxy */;
		};
/* End PBXTargetDependency section */

/* Begin PBXVariantGroup section */
		BC2610D41C9B2697007C4BFB /* Main.storyboard */ = {
			isa = PBXVariantGroup;
			children = (
				BC2610D51C9B2697007C4BFB /* Base */,
			);
			name = Main.storyboard;
			sourceTree = "<group>";
		};
		BC2610D91C9B2697007C4BFB /* LaunchScreen.storyboard */ = {
			isa = PBXVariantGroup;
			children = (
				BC2610DA1C9B2697007C4BFB /* Base */,
			);
			name = LaunchScreen.storyboard;
			sourceTree = "<group>";
		};
/* End PBXVariantGroup section */

/* Begin XCBuildConfiguration section */
		BC2610E81C9B2697007C4BFB /* Debug */ = {
			isa = XCBuildConfiguration;
			buildSettings = {
				ALWAYS_SEARCH_USER_PATHS = NO;
				CLANG_CXX_LANGUAGE_STANDARD = "gnu++0x";
				CLANG_CXX_LIBRARY = "libc++";
				CLANG_ENABLE_MODULES = YES;
				CLANG_ENABLE_OBJC_ARC = YES;
				CLANG_WARN_BOOL_CONVERSION = YES;
				CLANG_WARN_CONSTANT_CONVERSION = YES;
				CLANG_WARN_DIRECT_OBJC_ISA_USAGE = YES_ERROR;
				CLANG_WARN_EMPTY_BODY = YES;
				CLANG_WARN_ENUM_CONVERSION = YES;
				CLANG_WARN_INT_CONVERSION = YES;
				CLANG_WARN_OBJC_ROOT_CLASS = YES_ERROR;
				CLANG_WARN_UNREACHABLE_CODE = YES;
				CLANG_WARN__DUPLICATE_METHOD_MATCH = YES;
				"CODE_SIGN_IDENTITY[sdk=iphoneos*]" = "iPhone Developer";
				COPY_PHASE_STRIP = NO;
				DEBUG_INFORMATION_FORMAT = dwarf;
				ENABLE_STRICT_OBJC_MSGSEND = YES;
				ENABLE_TESTABILITY = YES;
				GCC_C_LANGUAGE_STANDARD = gnu99;
				GCC_DYNAMIC_NO_PIC = NO;
				GCC_NO_COMMON_BLOCKS = YES;
				GCC_OPTIMIZATION_LEVEL = 0;
				GCC_PREPROCESSOR_DEFINITIONS = (
					"DEBUG=1",
					"$(inherited)",
				);
				GCC_WARN_64_TO_32_BIT_CONVERSION = YES;
				GCC_WARN_ABOUT_RETURN_TYPE = YES_ERROR;
				GCC_WARN_UNDECLARED_SELECTOR = YES;
				GCC_WARN_UNINITIALIZED_AUTOS = YES_AGGRESSIVE;
				GCC_WARN_UNUSED_FUNCTION = YES;
				GCC_WARN_UNUSED_VARIABLE = YES;
				IPHONEOS_DEPLOYMENT_TARGET = 9.2;
				MTL_ENABLE_DEBUG_INFO = YES;
				ONLY_ACTIVE_ARCH = YES;
				SDKROOT = iphoneos;
				SWIFT_OPTIMIZATION_LEVEL = "-Onone";
			};
			name = Debug;
		};
		BC2610E91C9B2697007C4BFB /* Release */ = {
			isa = XCBuildConfiguration;
			buildSettings = {
				ALWAYS_SEARCH_USER_PATHS = NO;
				CLANG_CXX_LANGUAGE_STANDARD = "gnu++0x";
				CLANG_CXX_LIBRARY = "libc++";
				CLANG_ENABLE_MODULES = YES;
				CLANG_ENABLE_OBJC_ARC = YES;
				CLANG_WARN_BOOL_CONVERSION = YES;
				CLANG_WARN_CONSTANT_CONVERSION = YES;
				CLANG_WARN_DIRECT_OBJC_ISA_USAGE = YES_ERROR;
				CLANG_WARN_EMPTY_BODY = YES;
				CLANG_WARN_ENUM_CONVERSION = YES;
				CLANG_WARN_INT_CONVERSION = YES;
				CLANG_WARN_OBJC_ROOT_CLASS = YES_ERROR;
				CLANG_WARN_UNREACHABLE_CODE = YES;
				CLANG_WARN__DUPLICATE_METHOD_MATCH = YES;
				"CODE_SIGN_IDENTITY[sdk=iphoneos*]" = "iPhone Developer";
				COPY_PHASE_STRIP = NO;
				DEBUG_INFORMATION_FORMAT = "dwarf-with-dsym";
				ENABLE_NS_ASSERTIONS = NO;
				ENABLE_STRICT_OBJC_MSGSEND = YES;
				GCC_C_LANGUAGE_STANDARD = gnu99;
				GCC_NO_COMMON_BLOCKS = YES;
				GCC_WARN_64_TO_32_BIT_CONVERSION = YES;
				GCC_WARN_ABOUT_RETURN_TYPE = YES_ERROR;
				GCC_WARN_UNDECLARED_SELECTOR = YES;
				GCC_WARN_UNINITIALIZED_AUTOS = YES_AGGRESSIVE;
				GCC_WARN_UNUSED_FUNCTION = YES;
				GCC_WARN_UNUSED_VARIABLE = YES;
				IPHONEOS_DEPLOYMENT_TARGET = 9.2;
				MTL_ENABLE_DEBUG_INFO = NO;
				SDKROOT = iphoneos;
				VALIDATE_PRODUCT = YES;
			};
			name = Release;
		};
		BC2610EB1C9B2697007C4BFB /* Debug */ = {
			isa = XCBuildConfiguration;
			buildSettings = {
				ASSETCATALOG_COMPILER_APPICON_NAME = AppIcon;
				INFOPLIST_FILE = Stromy/Info.plist;
				LD_RUNPATH_SEARCH_PATHS = "$(inherited) @executable_path/Frameworks";
				PRODUCT_BUNDLE_IDENTIFIER = com.vinsol.Stromy;
				PRODUCT_NAME = "$(TARGET_NAME)";
			};
			name = Debug;
		};
		BC2610EC1C9B2697007C4BFB /* Release */ = {
			isa = XCBuildConfiguration;
			buildSettings = {
				ASSETCATALOG_COMPILER_APPICON_NAME = AppIcon;
				INFOPLIST_FILE = Stromy/Info.plist;
				LD_RUNPATH_SEARCH_PATHS = "$(inherited) @executable_path/Frameworks";
				PRODUCT_BUNDLE_IDENTIFIER = com.vinsol.Stromy;
				PRODUCT_NAME = "$(TARGET_NAME)";
			};
			name = Release;
		};
		BC2610EE1C9B2697007C4BFB /* Debug */ = {
			isa = XCBuildConfiguration;
			buildSettings = {
				BUNDLE_LOADER = "$(TEST_HOST)";
				INFOPLIST_FILE = StromyTests/Info.plist;
				LD_RUNPATH_SEARCH_PATHS = "$(inherited) @executable_path/Frameworks @loader_path/Frameworks";
				PRODUCT_BUNDLE_IDENTIFIER = com.vinsol.StromyTests;
				PRODUCT_NAME = "$(TARGET_NAME)";
				TEST_HOST = "$(BUILT_PRODUCTS_DIR)/Stromy.app/Stromy";
			};
			name = Debug;
		};
		BC2610EF1C9B2697007C4BFB /* Release */ = {
			isa = XCBuildConfiguration;
			buildSettings = {
				BUNDLE_LOADER = "$(TEST_HOST)";
				INFOPLIST_FILE = StromyTests/Info.plist;
				LD_RUNPATH_SEARCH_PATHS = "$(inherited) @executable_path/Frameworks @loader_path/Frameworks";
				PRODUCT_BUNDLE_IDENTIFIER = com.vinsol.StromyTests;
				PRODUCT_NAME = "$(TARGET_NAME)";
				TEST_HOST = "$(BUILT_PRODUCTS_DIR)/Stromy.app/Stromy";
			};
			name = Release;
		};
/* End XCBuildConfiguration section */

/* Begin XCConfigurationList section */
		BC2610C81C9B2697007C4BFB /* Build configuration list for PBXProject "Stromy" */ = {
			isa = XCConfigurationList;
			buildConfigurations = (
				BC2610E81C9B2697007C4BFB /* Debug */,
				BC2610E91C9B2697007C4BFB /* Release */,
			);
			defaultConfigurationIsVisible = 0;
			defaultConfigurationName = Release;
		};
		BC2610EA1C9B2697007C4BFB /* Build configuration list for PBXNativeTarget "Stromy" */ = {
			isa = XCConfigurationList;
			buildConfigurations = (
				BC2610EB1C9B2697007C4BFB /* Debug */,
				BC2610EC1C9B2697007C4BFB /* Release */,
			);
			defaultConfigurationIsVisible = 0;
		};
		BC2610ED1C9B2697007C4BFB /* Build configuration list for PBXNativeTarget "StromyTests" */ = {
			isa = XCConfigurationList;
			buildConfigurations = (
				BC2610EE1C9B2697007C4BFB /* Debug */,
				BC2610EF1C9B2697007C4BFB /* Release */,
			);
			defaultConfigurationIsVisible = 0;
		};
/* End XCConfigurationList section */
	};
	rootObject = BC2610C51C9B2697007C4BFB /* Project object */;
}
